
Microsoft Visual Studio Solution File, Format Version 12.00
# Visual Studio Version 17
VisualStudioVersion = 17.5.33516.290
MinimumVisualStudioVersion = 10.0.40219.1
Project("{9A19103F-16F7-4668-BE54-9A1E7A4F7556}") = "Service", "Service\Service.csproj", "{6EC44BC2-512D-4C6B-9FCF-B5635E39BEC4}"
EndProject
Project("{9A19103F-16F7-4668-BE54-9A1E7A4F7556}") = "Model", "Model\Model.csproj", "{794C17DD-60E6-4154-8373-60FD41D30255}"
EndProject
Project("{9A19103F-16F7-4668-BE54-9A1E7A4F7556}") = "Contracts", "Contracts\Contracts.csproj", "{C09F95F0-84B6-4B5A-A2FE-B67167357BC3}"
EndProject
Project("{2150E333-8FDC-42A3-9474-1A3956D46DE8}") = "Service", "Service", "{02B1FF76-66DE-4B56-BE7C-7B1D2D7A93CD}"
EndProject
Project("{2150E333-8FDC-42A3-9474-1A3956D46DE8}") = "Tests", "Tests", "{36A844FE-681D-446C-876C-10A489426BC4}"
EndProject
Project("{9A19103F-16F7-4668-BE54-9A1E7A4F7556}") = "UnitTests", "UnitTests\UnitTests.csproj", "{2ED818D3-4FC3-4666-9210-45C4554D00E5}"
EndProject
Project("{2150E333-8FDC-42A3-9474-1A3956D46DE8}") = "Console", "Console", "{A396C31D-23A8-4BAA-8E97-DC4701421229}"
EndProject
Project("{9A19103F-16F7-4668-BE54-9A1E7A4F7556}") = "ConsoleApp1", "ConsoleApp1\ConsoleApp1.csproj", "{7098F809-ADB9-4B93-A48A-D94AEB1E371A}"
EndProject
Project("{9A19103F-16F7-4668-BE54-9A1E7A4F7556}") = "WebApi", "WebApi\WebApi.csproj", "{F1065668-AEBA-4D47-9D7C-2296A62E2496}"
EndProject
Project("{2150E333-8FDC-42A3-9474-1A3956D46DE8}") = "Nuget", "Nuget", "{00B83BFF-D888-4891-BDE1-D12F1C4C2B13}"
EndProject
Project("{9A19103F-16F7-4668-BE54-9A1E7A4F7556}") = "SideBySideManagerNuget", "SideBySideManager\SideBySideManagerNuget.csproj", "{90EAAE01-D304-4150-A558-554FADB2D385}"
EndProject
Project("{FAE04EC0-301F-11D3-BF4B-00C04F79EFBC}") = "DataAuditter", "DataAuditter\DataAuditter.csproj", "{1F257CF8-DA19-435D-9149-788AD4E4ABAE}"
EndProject
Global
	GlobalSection(SolutionConfigurationPlatforms) = preSolution
		Debug|Any CPU = Debug|Any CPU
		Release|Any CPU = Release|Any CPU
	EndGlobalSection
	GlobalSection(ProjectConfigurationPlatforms) = postSolution
		{6EC44BC2-512D-4C6B-9FCF-B5635E39BEC4}.Debug|Any CPU.ActiveCfg = Debug|Any CPU
		{6EC44BC2-512D-4C6B-9FCF-B5635E39BEC4}.Debug|Any CPU.Build.0 = Debug|Any CPU
		{6EC44BC2-512D-4C6B-9FCF-B5635E39BEC4}.Release|Any CPU.ActiveCfg = Release|Any CPU
		{6EC44BC2-512D-4C6B-9FCF-B5635E39BEC4}.Release|Any CPU.Build.0 = Release|Any CPU
		{794C17DD-60E6-4154-8373-60FD41D30255}.Debug|Any CPU.ActiveCfg = Debug|Any CPU
		{794C17DD-60E6-4154-8373-60FD41D30255}.Debug|Any CPU.Build.0 = Debug|Any CPU
		{794C17DD-60E6-4154-8373-60FD41D30255}.Release|Any CPU.ActiveCfg = Release|Any CPU
		{794C17DD-60E6-4154-8373-60FD41D30255}.Release|Any CPU.Build.0 = Release|Any CPU
		{C09F95F0-84B6-4B5A-A2FE-B67167357BC3}.Debug|Any CPU.ActiveCfg = Debug|Any CPU
		{C09F95F0-84B6-4B5A-A2FE-B67167357BC3}.Debug|Any CPU.Build.0 = Debug|Any CPU
		{C09F95F0-84B6-4B5A-A2FE-B67167357BC3}.Release|Any CPU.ActiveCfg = Release|Any CPU
		{C09F95F0-84B6-4B5A-A2FE-B67167357BC3}.Release|Any CPU.Build.0 = Release|Any CPU
		{2ED818D3-4FC3-4666-9210-45C4554D00E5}.Debug|Any CPU.ActiveCfg = Debug|Any CPU
		{2ED818D3-4FC3-4666-9210-45C4554D00E5}.Debug|Any CPU.Build.0 = Debug|Any CPU
		{2ED818D3-4FC3-4666-9210-45C4554D00E5}.Release|Any CPU.ActiveCfg = Release|Any CPU
		{2ED818D3-4FC3-4666-9210-45C4554D00E5}.Release|Any CPU.Build.0 = Release|Any CPU
		{7098F809-ADB9-4B93-A48A-D94AEB1E371A}.Debug|Any CPU.ActiveCfg = Debug|Any CPU
		{7098F809-ADB9-4B93-A48A-D94AEB1E371A}.Debug|Any CPU.Build.0 = Debug|Any CPU
		{7098F809-ADB9-4B93-A48A-D94AEB1E371A}.Release|Any CPU.ActiveCfg = Release|Any CPU
		{7098F809-ADB9-4B93-A48A-D94AEB1E371A}.Release|Any CPU.Build.0 = Release|Any CPU
		{F1065668-AEBA-4D47-9D7C-2296A62E2496}.Debug|Any CPU.ActiveCfg = Debug|Any CPU
		{F1065668-AEBA-4D47-9D7C-2296A62E2496}.Debug|Any CPU.Build.0 = Debug|Any CPU
		{F1065668-AEBA-4D47-9D7C-2296A62E2496}.Release|Any CPU.ActiveCfg = Release|Any CPU
		{F1065668-AEBA-4D47-9D7C-2296A62E2496}.Release|Any CPU.Build.0 = Release|Any CPU
		{90EAAE01-D304-4150-A558-554FADB2D385}.Debug|Any CPU.ActiveCfg = Debug|Any CPU
		{90EAAE01-D304-4150-A558-554FADB2D385}.Debug|Any CPU.Build.0 = Debug|Any CPU
		{90EAAE01-D304-4150-A558-554FADB2D385}.Release|Any CPU.ActiveCfg = Release|Any CPU
		{90EAAE01-D304-4150-A558-554FADB2D385}.Release|Any CPU.Build.0 = Release|Any CPU
		{1F257CF8-DA19-435D-9149-788AD4E4ABAE}.Debug|Any CPU.ActiveCfg = Debug|Any CPU
		{1F257CF8-DA19-435D-9149-788AD4E4ABAE}.Debug|Any CPU.Build.0 = Debug|Any CPU
		{1F257CF8-DA19-435D-9149-788AD4E4ABAE}.Release|Any CPU.ActiveCfg = Release|Any CPU
		{1F257CF8-DA19-435D-9149-788AD4E4ABAE}.Release|Any CPU.Build.0 = Release|Any CPU
	EndGlobalSection
	GlobalSection(SolutionProperties) = preSolution
		HideSolutionNode = FALSE
	EndGlobalSection
	GlobalSection(NestedProjects) = preSolution
		{6EC44BC2-512D-4C6B-9FCF-B5635E39BEC4} = {02B1FF76-66DE-4B56-BE7C-7B1D2D7A93CD}
		{794C17DD-60E6-4154-8373-60FD41D30255} = {02B1FF76-66DE-4B56-BE7C-7B1D2D7A93CD}
		{C09F95F0-84B6-4B5A-A2FE-B67167357BC3} = {02B1FF76-66DE-4B56-BE7C-7B1D2D7A93CD}
		{2ED818D3-4FC3-4666-9210-45C4554D00E5} = {36A844FE-681D-446C-876C-10A489426BC4}
		{7098F809-ADB9-4B93-A48A-D94AEB1E371A} = {A396C31D-23A8-4BAA-8E97-DC4701421229}
		{F1065668-AEBA-4D47-9D7C-2296A62E2496} = {02B1FF76-66DE-4B56-BE7C-7B1D2D7A93CD}
		{90EAAE01-D304-4150-A558-554FADB2D385} = {00B83BFF-D888-4891-BDE1-D12F1C4C2B13}
		{1F257CF8-DA19-435D-9149-788AD4E4ABAE} = {02B1FF76-66DE-4B56-BE7C-7B1D2D7A93CD}
	EndGlobalSection
	GlobalSection(ExtensibilityGlobals) = postSolution
		SolutionGuid = {9DAFC298-7675-40C9-8766-62754AF9A621}
	EndGlobalSection
EndGlobal
